
Microsoft Visual Studio Solution File, Format Version 12.00
# Visual Studio 2013
VisualStudioVersion = 12.0.30723.0
MinimumVisualStudioVersion = 10.0.40219.1
Project("{FAE04EC0-301F-11D3-BF4B-00C04F79EFBC}") = "SharpPerceptual", "SharpPerceptual\SharpPerceptual.csproj", "{E8444AC0-2C96-463F-B1B8-CF8804D7FCDA}"
EndProject
Project("{2150E333-8FDC-42A3-9474-1A3956D46DE8}") = "nuget", "nuget", "{0E0D9C91-90C8-4B1A-9268-16BA18E76D5D}"
	ProjectSection(SolutionItems) = preProject
		SharpPerceptual\SharpPerceptual.nuspec = SharpPerceptual\SharpPerceptual.nuspec
	EndProjectSection
EndProject
Global
	GlobalSection(SolutionConfigurationPlatforms) = preSolution
		Debug|Any CPU = Debug|Any CPU
		Release|Any CPU = Release|Any CPU
	EndGlobalSection
	GlobalSection(ProjectConfigurationPlatforms) = postSolution
		{E8444AC0-2C96-463F-B1B8-CF8804D7FCDA}.Debug|Any CPU.ActiveCfg = Debug|Any CPU
		{E8444AC0-2C96-463F-B1B8-CF8804D7FCDA}.Debug|Any CPU.Build.0 = Debug|Any CPU
		{E8444AC0-2C96-463F-B1B8-CF8804D7FCDA}.Release|Any CPU.ActiveCfg = Release|Any CPU
		{E8444AC0-2C96-463F-B1B8-CF8804D7FCDA}.Release|Any CPU.Build.0 = Release|Any CPU
	EndGlobalSection
	GlobalSection(SolutionProperties) = preSolution
		HideSolutionNode = FALSE
	EndGlobalSection
EndGlobal
